
Microsoft Visual Studio Solution File, Format Version 12.00
# Visual Studio 15
VisualStudioVersion = 15.0.26403.7
MinimumVisualStudioVersion = 10.0.40219.1
Project("{FAE04EC0-301F-11D3-BF4B-00C04F79EFBC}") = "HomeControl", "HomeControl\HomeControl.csproj", "{B763A5E3-EE1F-4096-BC8C-41945C27438E}"
EndProject
Project("{FAE04EC0-301F-11D3-BF4B-00C04F79EFBC}") = "HomeControl.Tests", "HomeControl.Tests\HomeControl.Tests.csproj", "{6C704BF0-00AC-4E3A-94FB-D26124A98A3F}"
EndProject
Project("{FAE04EC0-301F-11D3-BF4B-00C04F79EFBC}") = "HomeControl.Data", "HomeControl.Data\HomeControl.Data.csproj", "{45F18D14-F0CE-4B8B-8A29-46F2F8045605}"
EndProject
Project("{FAE04EC0-301F-11D3-BF4B-00C04F79EFBC}") = "HomeControl.Domain", "HomeControl.Domain\HomeControl.Domain.csproj", "{B8F4C1AB-53DE-49BD-BF9A-18C47881D3AD}"
EndProject
Project("{FAE04EC0-301F-11D3-BF4B-00C04F79EFBC}") = "HomeControl.Business", "HomeControl.Business\HomeControl.Business.csproj", "{BC006F0A-88B9-4ADC-BBF5-06B1BEE13D81}"
EndProject
Project("{FAE04EC0-301F-11D3-BF4B-00C04F79EFBC}") = "Utils", "Utils\Utils.csproj", "{7F7CA114-6388-4BC6-811A-74561A895B9C}"
EndProject
Project("{FAE04EC0-301F-11D3-BF4B-00C04F79EFBC}") = "HomeControl.Operation", "Operation\HomeControl.Operation.csproj", "{DE831A4F-DADA-42C6-B408-1975B6752461}"
EndProject
Project("{FAE04EC0-301F-11D3-BF4B-00C04F79EFBC}") = "HomeControl.RestClients", "HomeControl.RestClients\HomeControl.RestClients.csproj", "{29B0747D-A519-4DD0-80C7-DA10950D1E40}"
EndProject
Global
	GlobalSection(Performance) = preSolution
		HasPerformanceSessions = true
	EndGlobalSection
	GlobalSection(SolutionConfigurationPlatforms) = preSolution
		Debug|Any CPU = Debug|Any CPU
		Release|Any CPU = Release|Any CPU
	EndGlobalSection
	GlobalSection(ProjectConfigurationPlatforms) = postSolution
		{B763A5E3-EE1F-4096-BC8C-41945C27438E}.Debug|Any CPU.ActiveCfg = Debug|Any CPU
		{B763A5E3-EE1F-4096-BC8C-41945C27438E}.Debug|Any CPU.Build.0 = Debug|Any CPU
		{B763A5E3-EE1F-4096-BC8C-41945C27438E}.Release|Any CPU.ActiveCfg = Release|Any CPU
		{B763A5E3-EE1F-4096-BC8C-41945C27438E}.Release|Any CPU.Build.0 = Release|Any CPU
		{6C704BF0-00AC-4E3A-94FB-D26124A98A3F}.Debug|Any CPU.ActiveCfg = Debug|Any CPU
		{6C704BF0-00AC-4E3A-94FB-D26124A98A3F}.Debug|Any CPU.Build.0 = Debug|Any CPU
		{6C704BF0-00AC-4E3A-94FB-D26124A98A3F}.Release|Any CPU.ActiveCfg = Release|Any CPU
		{6C704BF0-00AC-4E3A-94FB-D26124A98A3F}.Release|Any CPU.Build.0 = Release|Any CPU
		{45F18D14-F0CE-4B8B-8A29-46F2F8045605}.Debug|Any CPU.ActiveCfg = Debug|Any CPU
		{45F18D14-F0CE-4B8B-8A29-46F2F8045605}.Debug|Any CPU.Build.0 = Debug|Any CPU
		{45F18D14-F0CE-4B8B-8A29-46F2F8045605}.Release|Any CPU.ActiveCfg = Release|Any CPU
		{45F18D14-F0CE-4B8B-8A29-46F2F8045605}.Release|Any CPU.Build.0 = Release|Any CPU
		{B8F4C1AB-53DE-49BD-BF9A-18C47881D3AD}.Debug|Any CPU.ActiveCfg = Debug|Any CPU
		{B8F4C1AB-53DE-49BD-BF9A-18C47881D3AD}.Debug|Any CPU.Build.0 = Debug|Any CPU
		{B8F4C1AB-53DE-49BD-BF9A-18C47881D3AD}.Release|Any CPU.ActiveCfg = Release|Any CPU
		{B8F4C1AB-53DE-49BD-BF9A-18C47881D3AD}.Release|Any CPU.Build.0 = Release|Any CPU
		{BC006F0A-88B9-4ADC-BBF5-06B1BEE13D81}.Debug|Any CPU.ActiveCfg = Debug|Any CPU
		{BC006F0A-88B9-4ADC-BBF5-06B1BEE13D81}.Debug|Any CPU.Build.0 = Debug|Any CPU
		{BC006F0A-88B9-4ADC-BBF5-06B1BEE13D81}.Release|Any CPU.ActiveCfg = Release|Any CPU
		{BC006F0A-88B9-4ADC-BBF5-06B1BEE13D81}.Release|Any CPU.Build.0 = Release|Any CPU
		{7F7CA114-6388-4BC6-811A-74561A895B9C}.Debug|Any CPU.ActiveCfg = Debug|Any CPU
		{7F7CA114-6388-4BC6-811A-74561A895B9C}.Debug|Any CPU.Build.0 = Debug|Any CPU
		{7F7CA114-6388-4BC6-811A-74561A895B9C}.Release|Any CPU.ActiveCfg = Release|Any CPU
		{7F7CA114-6388-4BC6-811A-74561A895B9C}.Release|Any CPU.Build.0 = Release|Any CPU
		{DE831A4F-DADA-42C6-B408-1975B6752461}.Debug|Any CPU.ActiveCfg = Debug|Any CPU
		{DE831A4F-DADA-42C6-B408-1975B6752461}.Debug|Any CPU.Build.0 = Debug|Any CPU
		{DE831A4F-DADA-42C6-B408-1975B6752461}.Release|Any CPU.ActiveCfg = Release|Any CPU
		{DE831A4F-DADA-42C6-B408-1975B6752461}.Release|Any CPU.Build.0 = Release|Any CPU
		{29B0747D-A519-4DD0-80C7-DA10950D1E40}.Debug|Any CPU.ActiveCfg = Debug|Any CPU
		{29B0747D-A519-4DD0-80C7-DA10950D1E40}.Debug|Any CPU.Build.0 = Debug|Any CPU
		{29B0747D-A519-4DD0-80C7-DA10950D1E40}.Release|Any CPU.ActiveCfg = Release|Any CPU
		{29B0747D-A519-4DD0-80C7-DA10950D1E40}.Release|Any CPU.Build.0 = Release|Any CPU
	EndGlobalSection
	GlobalSection(SolutionProperties) = preSolution
		HideSolutionNode = FALSE
	EndGlobalSection
EndGlobal
